
Microsoft Visual Studio Solution File, Format Version 12.00
# Visual Studio Version 16
VisualStudioVersion = 16.0.30204.135
MinimumVisualStudioVersion = 10.0.40219.1
Project("{F184B08F-C81C-45F6-A57F-5ABD9991F28F}") = "osrs_alch_assistant", "osrs_automatic_alchemy\osrs_alch_assistant.vbproj", "{1BC50E50-C0DE-486E-9E8D-E63E4EB29F68}"
EndProject
Global
	GlobalSection(SolutionConfigurationPlatforms) = preSolution
		Debug|Any CPU = Debug|Any CPU
		Release|Any CPU = Release|Any CPU
	EndGlobalSection
	GlobalSection(ProjectConfigurationPlatforms) = postSolution
		{1BC50E50-C0DE-486E-9E8D-E63E4EB29F68}.Debug|Any CPU.ActiveCfg = Debug|Any CPU
		{1BC50E50-C0DE-486E-9E8D-E63E4EB29F68}.Debug|Any CPU.Build.0 = Debug|Any CPU
		{1BC50E50-C0DE-486E-9E8D-E63E4EB29F68}.Release|Any CPU.ActiveCfg = Release|Any CPU
		{1BC50E50-C0DE-486E-9E8D-E63E4EB29F68}.Release|Any CPU.Build.0 = Release|Any CPU
	EndGlobalSection
	GlobalSection(SolutionProperties) = preSolution
		HideSolutionNode = FALSE
	EndGlobalSection
	GlobalSection(ExtensibilityGlobals) = postSolution
		SolutionGuid = {02F92494-FE99-4693-82A8-E635139766D7}
	EndGlobalSection
EndGlobal
